// !$*UTF8*$!
{
	archiveVersion = 1;
	classes = {
	};
	objectVersion = 50;
	objects = {

/* Begin PBXBuildFile section */
		FD925C8F23D0AF6100137A06 /* AppDelegate.swift in Sources */ = {isa = PBXBuildFile; fileRef = FD925C8E23D0AF6100137A06 /* AppDelegate.swift */; };
		FD925C9123D0AF6100137A06 /* SceneDelegate.swift in Sources */ = {isa = PBXBuildFile; fileRef = FD925C9023D0AF6100137A06 /* SceneDelegate.swift */; };
		FD925C9323D0AF6100137A06 /* ViewController.swift in Sources */ = {isa = PBXBuildFile; fileRef = FD925C9223D0AF6100137A06 /* ViewController.swift */; };
		FD925C9623D0AF6100137A06 /* Main.storyboard in Resources */ = {isa = PBXBuildFile; fileRef = FD925C9423D0AF6100137A06 /* Main.storyboard */; };
		FD925C9823D0AF6200137A06 /* Assets.xcassets in Resources */ = {isa = PBXBuildFile; fileRef = FD925C9723D0AF6200137A06 /* Assets.xcassets */; };
		FD925C9B23D0AF6200137A06 /* LaunchScreen.storyboard in Resources */ = {isa = PBXBuildFile; fileRef = FD925C9923D0AF6200137A06 /* LaunchScreen.storyboard */; };
/* End PBXBuildFile section */

/* Begin PBXFileReference section */
		FD925C8B23D0AF6100137A06 /* BetterExperimentTableview.app */ = {isa = PBXFileReference; explicitFileType = wrapper.application; includeInIndex = 0; path = BetterExperimentTableview.app; sourceTree = BUILT_PRODUCTS_DIR; };
		FD925C8E23D0AF6100137A06 /* AppDelegate.swift */ = {isa = PBXFileReference; lastKnownFileType = sourcecode.swift; path = AppDelegate.swift; sourceTree = "<group>"; };
		FD925C9023D0AF6100137A06 /* SceneDelegate.swift */ = {isa = PBXFileReference; lastKnownFileType = sourcecode.swift; path = SceneDelegate.swift; sourceTree = "<group>"; };
		FD925C9223D0AF6100137A06 /* ViewController.swift */ = {isa = PBXFileReference; lastKnownFileType = sourcecode.swift; path = ViewController.swift; sourceTree = "<group>"; };
		FD925C9523D0AF6100137A06 /* Base */ = {isa = PBXFileReference; lastKnownFileType = file.storyboard; name = Base; path = Base.lproj/Main.storyboard; sourceTree = "<group>"; };
		FD925C9723D0AF6200137A06 /* Assets.xcassets */ = {isa = PBXFileReference; lastKnownFileType = folder.assetcatalog; path = Assets.xcassets; sourceTree = "<group>"; };
		FD925C9A23D0AF6200137A06 /* Base */ = {isa = PBXFileReference; lastKnownFileType = file.storyboard; name = Base; path = Base.lproj/LaunchScreen.storyboard; sourceTree = "<group>"; };
		FD925C9C23D0AF6200137A06 /* Info.plist */ = {isa = PBXFileReference; lastKnownFileType = text.plist.xml; path = Info.plist; sourceTree = "<group>"; };
/* End PBXFileReference section */

/* Begin PBXFrameworksBuildPhase section */
		FD925C8823D0AF6100137A06 /* Frameworks */ = {
			isa = PBXFrameworksBuildPhase;
			buildActionMask = 2147483647;
			files = (
			);
			runOnlyForDeploymentPostprocessing = 0;
		};
/* End PBXFrameworksBuildPhase section */

/* Begin PBXGroup section */
		FD925C8223D0AF6100137A06 = {
			isa = PBXGroup;
			children = (
				FD925C8D23D0AF6100137A06 /* BetterExperimentTableview */,
				FD925C8C23D0AF6100137A06 /* Products */,
			);
			sourceTree = "<group>";
		};
		FD925C8C23D0AF6100137A06 /* Products */ = {
			isa = PBXGroup;
			children = (
				FD925C8B23D0AF6100137A06 /* BetterExperimentTableview.app */,
			);
			name = Products;
			sourceTree = "<group>";
		};
		FD925C8D23D0AF6100137A06 /* BetterExperimentTableview */ = {
			isa = PBXGroup;
			children = (
				FD925C8E23D0AF6100137A06 /* AppDelegate.swift */,
				FD925C9023D0AF6100137A06 /* SceneDelegate.swift */,
				FD925C9223D0AF6100137A06 /* ViewController.swift */,
				FD925C9423D0AF6100137A06 /* Main.storyboard */,
				FD925C9723D0AF6200137A06 /* Assets.xcassets */,
				FD925C9923D0AF6200137A06 /* LaunchScreen.storyboard */,
				FD925C9C23D0AF6200137A06 /* Info.plist */,
			);
			path = BetterExperimentTableview;
			sourceTree = "<group>";
		};
/* End PBXGroup section */

/* Begin PBXNativeTarget section */
		FD925C8A23D0AF6100137A06 /* BetterExperimentTableview */ = {
			isa = PBXNativeTarget;
			buildConfigurationList = FD925C9F23D0AF6200137A06 /* Build configuration list for PBXNativeTarget "BetterExperimentTableview" */;
			buildPhases = (
				FD925C8723D0AF6100137A06 /* Sources */,
				FD925C8823D0AF6100137A06 /* Frameworks */,
				FD925C8923D0AF6100137A06 /* Resources */,
			);
			buildRules = (
			);
			dependencies = (
			);
			name = BetterExperimentTableview;
			productName = BetterExperimentTableview;
			productReference = FD925C8B23D0AF6100137A06 /* BetterExperimentTableview.app */;
			productType = "com.apple.product-type.application";
		};
/* End PBXNativeTarget section */

/* Begin PBXProject section */
		FD925C8323D0AF6100137A06 /* Project object */ = {
			isa = PBXProject;
			attributes = {
				LastSwiftUpdateCheck = 1130;
				LastUpgradeCheck = 1130;
				ORGANIZATIONNAME = X901;
				TargetAttributes = {
					FD925C8A23D0AF6100137A06 = {
						CreatedOnToolsVersion = 11.3.1;
					};
				};
			};
			buildConfigurationList = FD925C8623D0AF6100137A06 /* Build configuration list for PBXProject "BetterExperimentTableview" */;
			compatibilityVersion = "Xcode 9.3";
			developmentRegion = en;
			hasScannedForEncodings = 0;
			knownRegions = (
				en,
				Base,
			);
			mainGroup = FD925C8223D0AF6100137A06;
			productRefGroup = FD925C8C23D0AF6100137A06 /* Products */;
			projectDirPath = "";
			projectRoot = "";
			targets = (
				FD925C8A23D0AF6100137A06 /* BetterExperimentTableview */,
			);
		};
/* End PBXProject section */

/* Begin PBXResourcesBuildPhase section */
		FD925C8923D0AF6100137A06 /* Resources */ = {
			isa = PBXResourcesBuildPhase;
			buildActionMask = 2147483647;
			files = (
				FD925C9B23D0AF6200137A06 /* LaunchScreen.storyboard in Resources */,
				FD925C9823D0AF6200137A06 /* Assets.xcassets in Resources */,
				FD925C9623D0AF6100137A06 /* Main.storyboard in Resources */,
			);
			runOnlyForDeploymentPostprocessing = 0;
		};
/* End PBXResourcesBuildPhase section */

/* Begin PBXSourcesBuildPhase section */
		FD925C8723D0AF6100137A06 /* Sources */ = {
			isa = PBXSourcesBuildPhase;
			buildActionMask = 2147483647;
			files = (
				FD925C9323D0AF6100137A06 /* ViewController.swift in Sources */,
				FD925C8F23D0AF6100137A06 /* AppDelegate.swift in Sources */,
				FD925C9123D0AF6100137A06 /* SceneDelegate.swift in Sources */,
			);
			runOnlyForDeploymentPostprocessing = 0;
		};
/* End PBXSourcesBuildPhase section */

/* Begin PBXVariantGroup section */
		FD925C9423D0AF6100137A06 /* Main.storyboard */ = {
			isa = PBXVariantGroup;
			children = (
				FD925C9523D0AF6100137A06 /* Base */,
			);
			name = Main.storyboard;
			sourceTree = "<group>";
		};
		FD925C9923D0AF6200137A06 /* LaunchScreen.storyboard */ = {
			isa = PBXVariantGroup;
			children = (
				FD925C9A23D0AF6200137A06 /* Base */,
			);
			name = LaunchScreen.storyboard;
			sourceTree = "<group>";
		};
/* End PBXVariantGroup section */

/* Begin XCBuildConfiguration section */
		FD925C9D23D0AF6200137A06 /* Debug */ = {
			isa = XCBuildConfiguration;
			buildSettings = {
				ALWAYS_SEARCH_USER_PATHS = NO;
				CLANG_ANALYZER_NONNULL = YES;
				CLANG_ANALYZER_NUMBER_OBJECT_CONVERSION = YES_AGGRESSIVE;
				CLANG_CXX_LANGUAGE_STANDARD = "gnu++14";
				CLANG_CXX_LIBRARY = "libc++";
				CLANG_ENABLE_MODULES = YES;
				CLANG_ENABLE_OBJC_ARC = YES;
				CLANG_ENABLE_OBJC_WEAK = YES;
				CLANG_WARN_BLOCK_CAPTURE_AUTORELEASING = YES;
				CLANG_WARN_BOOL_CONVERSION = YES;
				CLANG_WARN_COMMA = YES;
				CLANG_WARN_CONSTANT_CONVERSION = YES;
				CLANG_WARN_DEPRECATED_OBJC_IMPLEMENTATIONS = YES;
				CLANG_WARN_DIRECT_OBJC_ISA_USAGE = YES_ERROR;
				CLANG_WARN_DOCUMENTATION_COMMENTS = YES;
				CLANG_WARN_EMPTY_BODY = YES;
				CLANG_WARN_ENUM_CONVERSION = YES;
				CLANG_WARN_INFINITE_RECURSION = YES;
				CLANG_WARN_INT_CONVERSION = YES;
				CLANG_WARN_NON_LITERAL_NULL_CONVERSION = YES;
				CLANG_WARN_OBJC_IMPLICIT_RETAIN_SELF = YES;
				CLANG_WARN_OBJC_LITERAL_CONVERSION = YES;
				CLANG_WARN_OBJC_ROOT_CLASS = YES_ERROR;
				CLANG_WARN_RANGE_LOOP_ANALYSIS = YES;
				CLANG_WARN_STRICT_PROTOTYPES = YES;
				CLANG_WARN_SUSPICIOUS_MOVE = YES;
				CLANG_WARN_UNGUARDED_AVAILABILITY = YES_AGGRESSIVE;
				CLANG_WARN_UNREACHABLE_CODE = YES;
				CLANG_WARN__DUPLICATE_METHOD_MATCH = YES;
				COPY_PHASE_STRIP = NO;
				DEBUG_INFORMATION_FORMAT = dwarf;
				ENABLE_STRICT_OBJC_MSGSEND = YES;
				ENABLE_TESTABILITY = YES;
				GCC_C_LANGUAGE_STANDARD = gnu11;
				GCC_DYNAMIC_NO_PIC = NO;
				GCC_NO_COMMON_BLOCKS = YES;
				GCC_OPTIMIZATION_LEVEL = 0;
				GCC_PREPROCESSOR_DEFINITIONS = (
					"DEBUG=1",
					"$(inherited)",
				);
				GCC_WARN_64_TO_32_BIT_CONVERSION = YES;
				GCC_WARN_ABOUT_RETURN_TYPE = YES_ERROR;
				GCC_WARN_UNDECLARED_SELECTOR = YES;
				GCC_WARN_UNINITIALIZED_AUTOS = YES_AGGRESSIVE;
				GCC_WARN_UNUSED_FUNCTION = YES;
				GCC_WARN_UNUSED_VARIABLE = YES;
				IPHONEOS_DEPLOYMENT_TARGET = 13.2;
				MTL_ENABLE_DEBUG_INFO = INCLUDE_SOURCE;
				MTL_FAST_MATH = YES;
				ONLY_ACTIVE_ARCH = YES;
				SDKROOT = iphoneos;
				SWIFT_ACTIVE_COMPILATION_CONDITIONS = DEBUG;
				SWIFT_OPTIMIZATION_LEVEL = "-Onone";
			};
			name = Debug;
		};
		FD925C9E23D0AF6200137A06 /* Release */ = {
			isa = XCBuildConfiguration;
			buildSettings = {
				ALWAYS_SEARCH_USER_PATHS = NO;
				CLANG_ANALYZER_NONNULL = YES;
				CLANG_ANALYZER_NUMBER_OBJECT_CONVERSION = YES_AGGRESSIVE;
				CLANG_CXX_LANGUAGE_STANDARD = "gnu++14";
				CLANG_CXX_LIBRARY = "libc++";
				CLANG_ENABLE_MODULES = YES;
				CLANG_ENABLE_OBJC_ARC = YES;
				CLANG_ENABLE_OBJC_WEAK = YES;
				CLANG_WARN_BLOCK_CAPTURE_AUTORELEASING = YES;
				CLANG_WARN_BOOL_CONVERSION = YES;
				CLANG_WARN_COMMA = YES;
				CLANG_WARN_CONSTANT_CONVERSION = YES;
				CLANG_WARN_DEPRECATED_OBJC_IMPLEMENTATIONS = YES;
				CLANG_WARN_DIRECT_OBJC_ISA_USAGE = YES_ERROR;
				CLANG_WARN_DOCUMENTATION_COMMENTS = YES;
				CLANG_WARN_EMPTY_BODY = YES;
				CLANG_WARN_ENUM_CONVERSION = YES;
				CLANG_WARN_INFINITE_RECURSION = YES;
				CLANG_WARN_INT_CONVERSION = YES;
				CLANG_WARN_NON_LITERAL_NULL_CONVERSION = YES;
				CLANG_WARN_OBJC_IMPLICIT_RETAIN_SELF = YES;
				CLANG_WARN_OBJC_LITERAL_CONVERSION = YES;
				CLANG_WARN_OBJC_ROOT_CLASS = YES_ERROR;
				CLANG_WARN_RANGE_LOOP_ANALYSIS = YES;
				CLANG_WARN_STRICT_PROTOTYPES = YES;
				CLANG_WARN_SUSPICIOUS_MOVE = YES;
				CLANG_WARN_UNGUARDED_AVAILABILITY = YES_AGGRESSIVE;
				CLANG_WARN_UNREACHABLE_CODE = YES;
				CLANG_WARN__DUPLICATE_METHOD_MATCH = YES;
				COPY_PHASE_STRIP = NO;
				DEBUG_INFORMATION_FORMAT = "dwarf-with-dsym";
				ENABLE_NS_ASSERTIONS = NO;
				ENABLE_STRICT_OBJC_MSGSEND = YES;
				GCC_C_LANGUAGE_STANDARD = gnu11;
				GCC_NO_COMMON_BLOCKS = YES;
				GCC_WARN_64_TO_32_BIT_CONVERSION = YES;
				GCC_WARN_ABOUT_RETURN_TYPE = YES_ERROR;
				GCC_WARN_UNDECLARED_SELECTOR = YES;
				GCC_WARN_UNINITIALIZED_AUTOS = YES_AGGRESSIVE;
				GCC_WARN_UNUSED_FUNCTION = YES;
				GCC_WARN_UNUSED_VARIABLE = YES;
				IPHONEOS_DEPLOYMENT_TARGET = 13.2;
				MTL_ENABLE_DEBUG_INFO = NO;
				MTL_FAST_MATH = YES;
				SDKROOT = iphoneos;
				SWIFT_COMPILATION_MODE = wholemodule;
				SWIFT_OPTIMIZATION_LEVEL = "-O";
				VALIDATE_PRODUCT = YES;
			};
			name = Release;
		};
		FD925CA023D0AF6200137A06 /* Debug */ = {
			isa = XCBuildConfiguration;
			buildSettings = {
				ASSETCATALOG_COMPILER_APPICON_NAME = AppIcon;
				CODE_SIGN_STYLE = Automatic;
				DEVELOPMENT_TEAM = CP92CMD5E4;
				INFOPLIST_FILE = BetterExperimentTableview/Info.plist;
				LD_RUNPATH_SEARCH_PATHS = (
					"$(inherited)",
					"@executable_path/Frameworks",
				);
				PRODUCT_BUNDLE_IDENTIFIER = com.basil.BetterExperimentTableview;
				PRODUCT_NAME = "$(TARGET_NAME)";
				SWIFT_VERSION = 5.0;
				TARGETED_DEVICE_FAMILY = "1,2";
			};
			name = Debug;
		};
		FD925CA123D0AF6200137A06 /* Release */ = {
			isa = XCBuildConfiguration;
			buildSettings = {
				ASSETCATALOG_COMPILER_APPICON_NAME = AppIcon;
				CODE_SIGN_STYLE = Automatic;
				DEVELOPMENT_TEAM = CP92CMD5E4;
				INFOPLIST_FILE = BetterExperimentTableview/Info.plist;
				LD_RUNPATH_SEARCH_PATHS = (
					"$(inherited)",
					"@executable_path/Frameworks",
				);
				PRODUCT_BUNDLE_IDENTIFIER = com.basil.BetterExperimentTableview;
				PRODUCT_NAME = "$(TARGET_NAME)";
				SWIFT_VERSION = 5.0;
				TARGETED_DEVICE_FAMILY = "1,2";
			};
			name = Release;
		};
/* End XCBuildConfiguration section */

/* Begin XCConfigurationList section */
		FD925C8623D0AF6100137A06 /* Build configuration list for PBXProject "BetterExperimentTableview" */ = {
			isa = XCConfigurationList;
			buildConfigurations = (
				FD925C9D23D0AF6200137A06 /* Debug */,
				FD925C9E23D0AF6200137A06 /* Release */,
			);
			defaultConfigurationIsVisible = 0;
			defaultConfigurationName = Release;
		};
		FD925C9F23D0AF6200137A06 /* Build configuration list for PBXNativeTarget "BetterExperimentTableview" */ = {
			isa = XCConfigurationList;
			buildConfigurations = (
				FD925CA023D0AF6200137A06 /* Debug */,
				FD925CA123D0AF6200137A06 /* Release */,
			);
			defaultConfigurationIsVisible = 0;
			defaultConfigurationName = Release;
		};
/* End XCConfigurationList section */
	};
	rootObject = FD925C8323D0AF6100137A06 /* Project object */;
}
